// !$*UTF8*$!
{
	archiveVersion = 1;
	classes = {
	};
	objectVersion = 46;
	objects = {

/* Begin PBXBuildFile section */
		7AD560EC1C33DC57009BD07D /* main.m in Sources */ = {isa = PBXBuildFile; fileRef = 7AD560EB1C33DC57009BD07D /* main.m */; };
		7AD560EF1C33DC57009BD07D /* AppDelegate.m in Sources */ = {isa = PBXBuildFile; fileRef = 7AD560EE1C33DC57009BD07D /* AppDelegate.m */; };
		7AD560F71C33DC57009BD07D /* Assets.xcassets in Resources */ = {isa = PBXBuildFile; fileRef = 7AD560F61C33DC57009BD07D /* Assets.xcassets */; };
		7AD560FA1C33DC57009BD07D /* LaunchScreen.storyboard in Resources */ = {isa = PBXBuildFile; fileRef = 7AD560F81C33DC57009BD07D /* LaunchScreen.storyboard */; };
		7AD561051C33DC57009BD07D /* _____3D__Tests.m in Sources */ = {isa = PBXBuildFile; fileRef = 7AD561041C33DC57009BD07D /* _____3D__Tests.m */; };
		7AD561101C33DC57009BD07D /* _____3D__UITests.m in Sources */ = {isa = PBXBuildFile; fileRef = 7AD5610F1C33DC57009BD07D /* _____3D__UITests.m */; };
/* End PBXBuildFile section */

/* Begin PBXContainerItemProxy section */
		7AD561011C33DC57009BD07D /* PBXContainerItemProxy */ = {
			isa = PBXContainerItemProxy;
			containerPortal = 7AD560DF1C33DC57009BD07D /* Project object */;
			proxyType = 1;
			remoteGlobalIDString = 7AD560E61C33DC57009BD07D;
			remoteInfo = "课程设计-3D导航";
		};
		7AD5610C1C33DC57009BD07D /* PBXContainerItemProxy */ = {
			isa = PBXContainerItemProxy;
			containerPortal = 7AD560DF1C33DC57009BD07D /* Project object */;
			proxyType = 1;
			remoteGlobalIDString = 7AD560E61C33DC57009BD07D;
			remoteInfo = "课程设计-3D导航";
		};
/* End PBXContainerItemProxy section */

/* Begin PBXFileReference section */
		7AD560E71C33DC57009BD07D /* 课程设计-3D导航.app */ = {isa = PBXFileReference; explicitFileType = wrapper.application; includeInIndex = 0; path = "课程设计-3D导航.app"; sourceTree = BUILT_PRODUCTS_DIR; };
		7AD560EB1C33DC57009BD07D /* main.m */ = {isa = PBXFileReference; lastKnownFileType = sourcecode.c.objc; path = main.m; sourceTree = "<group>"; };
		7AD560ED1C33DC57009BD07D /* AppDelegate.h */ = {isa = PBXFileReference; lastKnownFileType = sourcecode.c.h; path = AppDelegate.h; sourceTree = "<group>"; };
		7AD560EE1C33DC57009BD07D /* AppDelegate.m */ = {isa = PBXFileReference; lastKnownFileType = sourcecode.c.objc; path = AppDelegate.m; sourceTree = "<group>"; };
		7AD560F61C33DC57009BD07D /* Assets.xcassets */ = {isa = PBXFileReference; lastKnownFileType = folder.assetcatalog; path = Assets.xcassets; sourceTree = "<group>"; };
		7AD560F91C33DC57009BD07D /* Base */ = {isa = PBXFileReference; lastKnownFileType = file.storyboard; name = Base; path = Base.lproj/LaunchScreen.storyboard; sourceTree = "<group>"; };
		7AD560FB1C33DC57009BD07D /* Info.plist */ = {isa = PBXFileReference; lastKnownFileType = text.plist.xml; path = Info.plist; sourceTree = "<group>"; };
		7AD561001C33DC57009BD07D /* 课程设计-3D导航Tests.xctest */ = {isa = PBXFileReference; explicitFileType = wrapper.cfbundle; includeInIndex = 0; path = "课程设计-3D导航Tests.xctest"; sourceTree = BUILT_PRODUCTS_DIR; };
		7AD561041C33DC57009BD07D /* _____3D__Tests.m */ = {isa = PBXFileReference; lastKnownFileType = sourcecode.c.objc; path = "_____3D__Tests.m"; sourceTree = "<group>"; };
		7AD561061C33DC57009BD07D /* Info.plist */ = {isa = PBXFileReference; lastKnownFileType = text.plist.xml; path = Info.plist; sourceTree = "<group>"; };
		7AD5610B1C33DC57009BD07D /* 课程设计-3D导航UITests.xctest */ = {isa = PBXFileReference; explicitFileType = wrapper.cfbundle; includeInIndex = 0; path = "课程设计-3D导航UITests.xctest"; sourceTree = BUILT_PRODUCTS_DIR; };
		7AD5610F1C33DC57009BD07D /* _____3D__UITests.m */ = {isa = PBXFileReference; lastKnownFileType = sourcecode.c.objc; path = "_____3D__UITests.m"; sourceTree = "<group>"; };
		7AD561111C33DC57009BD07D /* Info.plist */ = {isa = PBXFileReference; lastKnownFileType = text.plist.xml; path = Info.plist; sourceTree = "<group>"; };
/* End PBXFileReference section */

/* Begin PBXFrameworksBuildPhase section */
		7AD560E41C33DC57009BD07D /* Frameworks */ = {
			isa = PBXFrameworksBuildPhase;
			buildActionMask = 2147483647;
			files = (
			);
			runOnlyForDeploymentPostprocessing = 0;
		};
		7AD560FD1C33DC57009BD07D /* Frameworks */ = {
			isa = PBXFrameworksBuildPhase;
			buildActionMask = 2147483647;
			files = (
			);
			runOnlyForDeploymentPostprocessing = 0;
		};
		7AD561081C33DC57009BD07D /* Frameworks */ = {
			isa = PBXFrameworksBuildPhase;
			buildActionMask = 2147483647;
			files = (
			);
			runOnlyForDeploymentPostprocessing = 0;
		};
/* End PBXFrameworksBuildPhase section */

/* Begin PBXGroup section */
		7AD560DE1C33DC57009BD07D = {
			isa = PBXGroup;
			children = (
				7AD560E91C33DC57009BD07D /* 课程设计-3D导航 */,
				7AD561031C33DC57009BD07D /* 课程设计-3D导航Tests */,
				7AD5610E1C33DC57009BD07D /* 课程设计-3D导航UITests */,
				7AD560E81C33DC57009BD07D /* Products */,
			);
			sourceTree = "<group>";
		};
		7AD560E81C33DC57009BD07D /* Products */ = {
			isa = PBXGroup;
			children = (
				7AD560E71C33DC57009BD07D /* 课程设计-3D导航.app */,
				7AD561001C33DC57009BD07D /* 课程设计-3D导航Tests.xctest */,
				7AD5610B1C33DC57009BD07D /* 课程设计-3D导航UITests.xctest */,
			);
			name = Products;
			sourceTree = "<group>";
		};
		7AD560E91C33DC57009BD07D /* 课程设计-3D导航 */ = {
			isa = PBXGroup;
			children = (
				7AD560ED1C33DC57009BD07D /* AppDelegate.h */,
				7AD560EE1C33DC57009BD07D /* AppDelegate.m */,
				7AD560F61C33DC57009BD07D /* Assets.xcassets */,
				7AD560F81C33DC57009BD07D /* LaunchScreen.storyboard */,
				7AD560FB1C33DC57009BD07D /* Info.plist */,
				7AD560EA1C33DC57009BD07D /* Supporting Files */,
			);
			path = "课程设计-3D导航";
			sourceTree = "<group>";
		};
		7AD560EA1C33DC57009BD07D /* Supporting Files */ = {
			isa = PBXGroup;
			children = (
				7AD560EB1C33DC57009BD07D /* main.m */,
			);
			name = "Supporting Files";
			sourceTree = "<group>";
		};
		7AD561031C33DC57009BD07D /* 课程设计-3D导航Tests */ = {
			isa = PBXGroup;
			children = (
				7AD561041C33DC57009BD07D /* _____3D__Tests.m */,
				7AD561061C33DC57009BD07D /* Info.plist */,
			);
			path = "课程设计-3D导航Tests";
			sourceTree = "<group>";
		};
		7AD5610E1C33DC57009BD07D /* 课程设计-3D导航UITests */ = {
			isa = PBXGroup;
			children = (
				7AD5610F1C33DC57009BD07D /* _____3D__UITests.m */,
				7AD561111C33DC57009BD07D /* Info.plist */,
			);
			path = "课程设计-3D导航UITests";
			sourceTree = "<group>";
		};
/* End PBXGroup section */

/* Begin PBXNativeTarget section */
		7AD560E61C33DC57009BD07D /* 课程设计-3D导航 */ = {
			isa = PBXNativeTarget;
			buildConfigurationList = 7AD561141C33DC57009BD07D /* Build configuration list for PBXNativeTarget "课程设计-3D导航" */;
			buildPhases = (
				7AD560E31C33DC57009BD07D /* Sources */,
				7AD560E41C33DC57009BD07D /* Frameworks */,
				7AD560E51C33DC57009BD07D /* Resources */,
			);
			buildRules = (
			);
			dependencies = (
			);
			name = "课程设计-3D导航";
			productName = "课程设计-3D导航";
			productReference = 7AD560E71C33DC57009BD07D /* 课程设计-3D导航.app */;
			productType = "com.apple.product-type.application";
		};
		7AD560FF1C33DC57009BD07D /* 课程设计-3D导航Tests */ = {
			isa = PBXNativeTarget;
			buildConfigurationList = 7AD561171C33DC57009BD07D /* Build configuration list for PBXNativeTarget "课程设计-3D导航Tests" */;
			buildPhases = (
				7AD560FC1C33DC57009BD07D /* Sources */,
				7AD560FD1C33DC57009BD07D /* Frameworks */,
				7AD560FE1C33DC57009BD07D /* Resources */,
			);
			buildRules = (
			);
			dependencies = (
				7AD561021C33DC57009BD07D /* PBXTargetDependency */,
			);
			name = "课程设计-3D导航Tests";
			productName = "课程设计-3D导航Tests";
			productReference = 7AD561001C33DC57009BD07D /* 课程设计-3D导航Tests.xctest */;
			productType = "com.apple.product-type.bundle.unit-test";
		};
		7AD5610A1C33DC57009BD07D /* 课程设计-3D导航UITests */ = {
			isa = PBXNativeTarget;
			buildConfigurationList = 7AD5611A1C33DC57009BD07D /* Build configuration list for PBXNativeTarget "课程设计-3D导航UITests" */;
			buildPhases = (
				7AD561071C33DC57009BD07D /* Sources */,
				7AD561081C33DC57009BD07D /* Frameworks */,
				7AD561091C33DC57009BD07D /* Resources */,
			);
			buildRules = (
			);
			dependencies = (
				7AD5610D1C33DC57009BD07D /* PBXTargetDependency */,
			);
			name = "课程设计-3D导航UITests";
			productName = "课程设计-3D导航UITests";
			productReference = 7AD5610B1C33DC57009BD07D /* 课程设计-3D导航UITests.xctest */;
			productType = "com.apple.product-type.bundle.ui-testing";
		};
/* End PBXNativeTarget section */

/* Begin PBXProject section */
		7AD560DF1C33DC57009BD07D /* Project object */ = {
			isa = PBXProject;
			attributes = {
				CLASSPREFIX = YP;
				LastUpgradeCheck = 0710;
				ORGANIZATIONNAME = iceB;
				TargetAttributes = {
					7AD560E61C33DC57009BD07D = {
						CreatedOnToolsVersion = 7.1;
					};
					7AD560FF1C33DC57009BD07D = {
						CreatedOnToolsVersion = 7.1;
						TestTargetID = 7AD560E61C33DC57009BD07D;
					};
					7AD5610A1C33DC57009BD07D = {
						CreatedOnToolsVersion = 7.1;
						TestTargetID = 7AD560E61C33DC57009BD07D;
					};
				};
			};
			buildConfigurationList = 7AD560E21C33DC57009BD07D /* Build configuration list for PBXProject "课程设计-3D导航" */;
			compatibilityVersion = "Xcode 3.2";
			developmentRegion = English;
			hasScannedForEncodings = 0;
			knownRegions = (
				en,
				Base,
			);
			mainGroup = 7AD560DE1C33DC57009BD07D;
			productRefGroup = 7AD560E81C33DC57009BD07D /* Products */;
			projectDirPath = "";
			projectRoot = "";
			targets = (
				7AD560E61C33DC57009BD07D /* 课程设计-3D导航 */,
				7AD560FF1C33DC57009BD07D /* 课程设计-3D导航Tests */,
				7AD5610A1C33DC57009BD07D /* 课程设计-3D导航UITests */,
			);
		};
/* End PBXProject section */

/* Begin PBXResourcesBuildPhase section */
		7AD560E51C33DC57009BD07D /* Resources */ = {
			isa = PBXResourcesBuildPhase;
			buildActionMask = 2147483647;
			files = (
				7AD560FA1C33DC57009BD07D /* LaunchScreen.storyboard in Resources */,
				7AD560F71C33DC57009BD07D /* Assets.xcassets in Resources */,
			);
			runOnlyForDeploymentPostprocessing = 0;
		};
		7AD560FE1C33DC57009BD07D /* Resources */ = {
			isa = PBXResourcesBuildPhase;
			buildActionMask = 2147483647;
			files = (
			);
			runOnlyForDeploymentPostprocessing = 0;
		};
		7AD561091C33DC57009BD07D /* Resources */ = {
			isa = PBXResourcesBuildPhase;
			buildActionMask = 2147483647;
			files = (
			);
			runOnlyForDeploymentPostprocessing = 0;
		};
/* End PBXResourcesBuildPhase section */

/* Begin PBXSourcesBuildPhase section */
		7AD560E31C33DC57009BD07D /* Sources */ = {
			isa = PBXSourcesBuildPhase;
			buildActionMask = 2147483647;
			files = (
				7AD560EF1C33DC57009BD07D /* AppDelegate.m in Sources */,
				7AD560EC1C33DC57009BD07D /* main.m in Sources */,
			);
			runOnlyForDeploymentPostprocessing = 0;
		};
		7AD560FC1C33DC57009BD07D /* Sources */ = {
			isa = PBXSourcesBuildPhase;
			buildActionMask = 2147483647;
			files = (
				7AD561051C33DC57009BD07D /* _____3D__Tests.m in Sources */,
			);
			runOnlyForDeploymentPostprocessing = 0;
		};
		7AD561071C33DC57009BD07D /* Sources */ = {
			isa = PBXSourcesBuildPhase;
			buildActionMask = 2147483647;
			files = (
				7AD561101C33DC57009BD07D /* _____3D__UITests.m in Sources */,
			);
			runOnlyForDeploymentPostprocessing = 0;
		};
/* End PBXSourcesBuildPhase section */

/* Begin PBXTargetDependency section */
		7AD561021C33DC57009BD07D /* PBXTargetDependency */ = {
			isa = PBXTargetDependency;
			target = 7AD560E61C33DC57009BD07D /* 课程设计-3D导航 */;
			targetProxy = 7AD561011C33DC57009BD07D /* PBXContainerItemProxy */;
		};
		7AD5610D1C33DC57009BD07D /* PBXTargetDependency */ = {
			isa = PBXTargetDependency;
			target = 7AD560E61C33DC57009BD07D /* 课程设计-3D导航 */;
			targetProxy = 7AD5610C1C33DC57009BD07D /* PBXContainerItemProxy */;
		};
/* End PBXTargetDependency section */

/* Begin PBXVariantGroup section */
		7AD560F81C33DC57009BD07D /* LaunchScreen.storyboard */ = {
			isa = PBXVariantGroup;
			children = (
				7AD560F91C33DC57009BD07D /* Base */,
			);
			name = LaunchScreen.storyboard;
			sourceTree = "<group>";
		};
/* End PBXVariantGroup section */

/* Begin XCBuildConfiguration section */
		7AD561121C33DC57009BD07D /* Debug */ = {
			isa = XCBuildConfiguration;
			buildSettings = {
				ALWAYS_SEARCH_USER_PATHS = NO;
				CLANG_CXX_LANGUAGE_STANDARD = "gnu++0x";
				CLANG_CXX_LIBRARY = "libc++";
				CLANG_ENABLE_MODULES = YES;
				CLANG_ENABLE_OBJC_ARC = YES;
				CLANG_WARN_BOOL_CONVERSION = YES;
				CLANG_WARN_CONSTANT_CONVERSION = YES;
				CLANG_WARN_DIRECT_OBJC_ISA_USAGE = YES_ERROR;
				CLANG_WARN_EMPTY_BODY = YES;
				CLANG_WARN_ENUM_CONVERSION = YES;
				CLANG_WARN_INT_CONVERSION = YES;
				CLANG_WARN_OBJC_ROOT_CLASS = YES_ERROR;
				CLANG_WARN_UNREACHABLE_CODE = YES;
				CLANG_WARN__DUPLICATE_METHOD_MATCH = YES;
				"CODE_SIGN_IDENTITY[sdk=iphoneos*]" = "iPhone Developer";
				COPY_PHASE_STRIP = NO;
				DEBUG_INFORMATION_FORMAT = dwarf;
				ENABLE_STRICT_OBJC_MSGSEND = YES;
				ENABLE_TESTABILITY = YES;
				GCC_C_LANGUAGE_STANDARD = gnu99;
				GCC_DYNAMIC_NO_PIC = NO;
				GCC_NO_COMMON_BLOCKS = YES;
				GCC_OPTIMIZATION_LEVEL = 0;
				GCC_PREPROCESSOR_DEFINITIONS = (
					"DEBUG=1",
					"$(inherited)",
				);
				GCC_WARN_64_TO_32_BIT_CONVERSION = YES;
				GCC_WARN_ABOUT_RETURN_TYPE = YES_ERROR;
				GCC_WARN_UNDECLARED_SELECTOR = YES;
				GCC_WARN_UNINITIALIZED_AUTOS = YES_AGGRESSIVE;
				GCC_WARN_UNUSED_FUNCTION = YES;
				GCC_WARN_UNUSED_VARIABLE = YES;
				IPHONEOS_DEPLOYMENT_TARGET = 8.0;
				MTL_ENABLE_DEBUG_INFO = YES;
				ONLY_ACTIVE_ARCH = YES;
				SDKROOT = iphoneos;
			};
			name = Debug;
		};
		7AD561131C33DC57009BD07D /* Release */ = {
			isa = XCBuildConfiguration;
			buildSettings = {
				ALWAYS_SEARCH_USER_PATHS = NO;
				CLANG_CXX_LANGUAGE_STANDARD = "gnu++0x";
				CLANG_CXX_LIBRARY = "libc++";
				CLANG_ENABLE_MODULES = YES;
				CLANG_ENABLE_OBJC_ARC = YES;
				CLANG_WARN_BOOL_CONVERSION = YES;
				CLANG_WARN_CONSTANT_CONVERSION = YES;
				CLANG_WARN_DIRECT_OBJC_ISA_USAGE = YES_ERROR;
				CLANG_WARN_EMPTY_BODY = YES;
				CLANG_WARN_ENUM_CONVERSION = YES;
				CLANG_WARN_INT_CONVERSION = YES;
				CLANG_WARN_OBJC_ROOT_CLASS = YES_ERROR;
				CLANG_WARN_UNREACHABLE_CODE = YES;
				CLANG_WARN__DUPLICATE_METHOD_MATCH = YES;
				"CODE_SIGN_IDENTITY[sdk=iphoneos*]" = "iPhone Developer";
				COPY_PHASE_STRIP = NO;
				DEBUG_INFORMATION_FORMAT = "dwarf-with-dsym";
				ENABLE_NS_ASSERTIONS = NO;
				ENABLE_STRICT_OBJC_MSGSEND = YES;
				GCC_C_LANGUAGE_STANDARD = gnu99;
				GCC_NO_COMMON_BLOCKS = YES;
				GCC_WARN_64_TO_32_BIT_CONVERSION = YES;
				GCC_WARN_ABOUT_RETURN_TYPE = YES_ERROR;
				GCC_WARN_UNDECLARED_SELECTOR = YES;
				GCC_WARN_UNINITIALIZED_AUTOS = YES_AGGRESSIVE;
				GCC_WARN_UNUSED_FUNCTION = YES;
				GCC_WARN_UNUSED_VARIABLE = YES;
				IPHONEOS_DEPLOYMENT_TARGET = 8.0;
				MTL_ENABLE_DEBUG_INFO = NO;
				SDKROOT = iphoneos;
				VALIDATE_PRODUCT = YES;
			};
			name = Release;
		};
		7AD561151C33DC57009BD07D /* Debug */ = {
			isa = XCBuildConfiguration;
			buildSettings = {
				ASSETCATALOG_COMPILER_APPICON_NAME = AppIcon;
				CODE_SIGN_IDENTITY = "iPhone Developer";
				INFOPLIST_FILE = "课程设计-3D导航/Info.plist";
				IPHONEOS_DEPLOYMENT_TARGET = 8.0;
				LD_RUNPATH_SEARCH_PATHS = "$(inherited) @executable_path/Frameworks";
				PRODUCT_BUNDLE_IDENTIFIER = "com.etouch.-----3D--";
				PRODUCT_NAME = "$(TARGET_NAME)";
			};
			name = Debug;
		};
		7AD561161C33DC57009BD07D /* Release */ = {
			isa = XCBuildConfiguration;
			buildSettings = {
				ASSETCATALOG_COMPILER_APPICON_NAME = AppIcon;
				CODE_SIGN_IDENTITY = "iPhone Developer";
				INFOPLIST_FILE = "课程设计-3D导航/Info.plist";
				IPHONEOS_DEPLOYMENT_TARGET = 8.0;
				LD_RUNPATH_SEARCH_PATHS = "$(inherited) @executable_path/Frameworks";
				PRODUCT_BUNDLE_IDENTIFIER = "com.etouch.-----3D--";
				PRODUCT_NAME = "$(TARGET_NAME)";
			};
			name = Release;
		};
		7AD561181C33DC57009BD07D /* Debug */ = {
			isa = XCBuildConfiguration;
			buildSettings = {
				BUNDLE_LOADER = "$(TEST_HOST)";
				INFOPLIST_FILE = "课程设计-3D导航Tests/Info.plist";
				LD_RUNPATH_SEARCH_PATHS = "$(inherited) @executable_path/Frameworks @loader_path/Frameworks";
				PRODUCT_BUNDLE_IDENTIFIER = "com.etouch.-----3D--Tests";
				PRODUCT_NAME = "$(TARGET_NAME)";
				TEST_HOST = "$(BUILT_PRODUCTS_DIR)/课程设计-3D导航.app/课程设计-3D导航";
			};
			name = Debug;
		};
		7AD561191C33DC57009BD07D /* Release */ = {
			isa = XCBuildConfiguration;
			buildSettings = {
				BUNDLE_LOADER = "$(TEST_HOST)";
				INFOPLIST_FILE = "课程设计-3D导航Tests/Info.plist";
				LD_RUNPATH_SEARCH_PATHS = "$(inherited) @executable_path/Frameworks @loader_path/Frameworks";
				PRODUCT_BUNDLE_IDENTIFIER = "com.etouch.-----3D--Tests";
				PRODUCT_NAME = "$(TARGET_NAME)";
				TEST_HOST = "$(BUILT_PRODUCTS_DIR)/课程设计-3D导航.app/课程设计-3D导航";
			};
			name = Release;
		};
		7AD5611B1C33DC57009BD07D /* Debug */ = {
			isa = XCBuildConfiguration;
			buildSettings = {
				INFOPLIST_FILE = "课程设计-3D导航UITests/Info.plist";
				LD_RUNPATH_SEARCH_PATHS = "$(inherited) @executable_path/Frameworks @loader_path/Frameworks";
				PRODUCT_BUNDLE_IDENTIFIER = "com.etouch.-----3D--UITests";
				PRODUCT_NAME = "$(TARGET_NAME)";
				TEST_TARGET_NAME = "课程设计-3D导航";
				USES_XCTRUNNER = YES;
			};
			name = Debug;
		};
		7AD5611C1C33DC57009BD07D /* Release */ = {
			isa = XCBuildConfiguration;
			buildSettings = {
				INFOPLIST_FILE = "课程设计-3D导航UITests/Info.plist";
				LD_RUNPATH_SEARCH_PATHS = "$(inherited) @executable_path/Frameworks @loader_path/Frameworks";
				PRODUCT_BUNDLE_IDENTIFIER = "com.etouch.-----3D--UITests";
				PRODUCT_NAME = "$(TARGET_NAME)";
				TEST_TARGET_NAME = "课程设计-3D导航";
				USES_XCTRUNNER = YES;
			};
			name = Release;
		};
/* End XCBuildConfiguration section */

/* Begin XCConfigurationList section */
		7AD560E21C33DC57009BD07D /* Build configuration list for PBXProject "课程设计-3D导航" */ = {
			isa = XCConfigurationList;
			buildConfigurations = (
				7AD561121C33DC57009BD07D /* Debug */,
				7AD561131C33DC57009BD07D /* Release */,
			);
			defaultConfigurationIsVisible = 0;
			defaultConfigurationName = Release;
		};
		7AD561141C33DC57009BD07D /* Build configuration list for PBXNativeTarget "课程设计-3D导航" */ = {
			isa = XCConfigurationList;
			buildConfigurations = (
				7AD561151C33DC57009BD07D /* Debug */,
				7AD561161C33DC57009BD07D /* Release */,
			);
			defaultConfigurationIsVisible = 0;
			defaultConfigurationName = Release;
		};
		7AD561171C33DC57009BD07D /* Build configuration list for PBXNativeTarget "课程设计-3D导航Tests" */ = {
			isa = XCConfigurationList;
			buildConfigurations = (
				7AD561181C33DC57009BD07D /* Debug */,
				7AD561191C33DC57009BD07D /* Release */,
			);
			defaultConfigurationIsVisible = 0;
			defaultConfigurationName = Release;
		};
		7AD5611A1C33DC57009BD07D /* Build configuration list for PBXNativeTarget "课程设计-3D导航UITests" */ = {
			isa = XCConfigurationList;
			buildConfigurations = (
				7AD5611B1C33DC57009BD07D /* Debug */,
				7AD5611C1C33DC57009BD07D /* Release */,
			);
			defaultConfigurationIsVisible = 0;
			defaultConfigurationName = Release;
		};
/* End XCConfigurationList section */
	};
	rootObject = 7AD560DF1C33DC57009BD07D /* Project object */;
}
